
Microsoft Visual Studio Solution File, Format Version 12.00
# Visual Studio Version 16
VisualStudioVersion = 16.0.30717.126
MinimumVisualStudioVersion = 10.0.40219.1
Project("{FAE04EC0-301F-11D3-BF4B-00C04F79EFBC}") = "VerifyAzureAD", "VerifyAzureAD.csproj", "{77BE8211-523E-405E-811A-256A3B0C272B}"
EndProject
Global
	GlobalSection(SolutionConfigurationPlatforms) = preSolution
		Debug|Any CPU = Debug|Any CPU
		Release|Any CPU = Release|Any CPU
	EndGlobalSection
	GlobalSection(ProjectConfigurationPlatforms) = postSolution
		{77BE8211-523E-405E-811A-256A3B0C272B}.Debug|Any CPU.ActiveCfg = Debug|Any CPU
		{77BE8211-523E-405E-811A-256A3B0C272B}.Debug|Any CPU.Build.0 = Debug|Any CPU
		{77BE8211-523E-405E-811A-256A3B0C272B}.Release|Any CPU.ActiveCfg = Release|Any CPU
		{77BE8211-523E-405E-811A-256A3B0C272B}.Release|Any CPU.Build.0 = Release|Any CPU
	EndGlobalSection
	GlobalSection(SolutionProperties) = preSolution
		HideSolutionNode = FALSE
	EndGlobalSection
	GlobalSection(ExtensibilityGlobals) = postSolution
		SolutionGuid = {7C946C3A-535C-46F5-94B2-29FDA87B0ABC}
	EndGlobalSection
EndGlobal
